
Microsoft Visual Studio Solution File, Format Version 12.00
# Visual Studio 15
VisualStudioVersion = 15.0.28010.2036
MinimumVisualStudioVersion = 10.0.40219.1
Project("{8BC9CEB8-8B4A-11D0-8D11-00A0C91BC942}") = "Unit_test", "Unit_test\Unit_test.vcxproj", "{F3DA24B4-F43B-4A44-ADAE-C5A852827094}"
EndProject
Project("{8BC9CEB8-8B4A-11D0-8D11-00A0C91BC942}") = "GraphLib", "GraphLib\GraphLib.vcxproj", "{1D392A87-5705-4D77-8B8A-A4814BD9E535}"
EndProject
Project("{8BC9CEB8-8B4A-11D0-8D11-00A0C91BC942}") = "Parallel_job_scheduling", "Parallel_job_scheduling_\Parallel_job_scheduling_.vcxproj", "{B911CC24-F000-4554-9849-DEB43783956D}"
EndProject
Global
	GlobalSection(SolutionConfigurationPlatforms) = preSolution
		Debug|Win32 = Debug|Win32
		Debug|x64 = Debug|x64
		Debug|x86 = Debug|x86
		Release|Win32 = Release|Win32
		Release|x64 = Release|x64
		Release|x86 = Release|x86
	EndGlobalSection
	GlobalSection(ProjectConfigurationPlatforms) = postSolution
		{F3DA24B4-F43B-4A44-ADAE-C5A852827094}.Debug|Win32.ActiveCfg = Debug|Win32
		{F3DA24B4-F43B-4A44-ADAE-C5A852827094}.Debug|Win32.Build.0 = Debug|Win32
		{F3DA24B4-F43B-4A44-ADAE-C5A852827094}.Debug|x64.ActiveCfg = Debug|x64
		{F3DA24B4-F43B-4A44-ADAE-C5A852827094}.Debug|x64.Build.0 = Debug|x64
		{F3DA24B4-F43B-4A44-ADAE-C5A852827094}.Debug|x86.ActiveCfg = Debug|Win32
		{F3DA24B4-F43B-4A44-ADAE-C5A852827094}.Debug|x86.Build.0 = Debug|Win32
		{F3DA24B4-F43B-4A44-ADAE-C5A852827094}.Release|Win32.ActiveCfg = Release|Win32
		{F3DA24B4-F43B-4A44-ADAE-C5A852827094}.Release|Win32.Build.0 = Release|Win32
		{F3DA24B4-F43B-4A44-ADAE-C5A852827094}.Release|x64.ActiveCfg = Release|x64
		{F3DA24B4-F43B-4A44-ADAE-C5A852827094}.Release|x64.Build.0 = Release|x64
		{F3DA24B4-F43B-4A44-ADAE-C5A852827094}.Release|x86.ActiveCfg = Release|Win32
		{F3DA24B4-F43B-4A44-ADAE-C5A852827094}.Release|x86.Build.0 = Release|Win32
		{1D392A87-5705-4D77-8B8A-A4814BD9E535}.Debug|Win32.ActiveCfg = Debug|Win32
		{1D392A87-5705-4D77-8B8A-A4814BD9E535}.Debug|Win32.Build.0 = Debug|Win32
		{1D392A87-5705-4D77-8B8A-A4814BD9E535}.Debug|x64.ActiveCfg = Debug|x64
		{1D392A87-5705-4D77-8B8A-A4814BD9E535}.Debug|x64.Build.0 = Debug|x64
		{1D392A87-5705-4D77-8B8A-A4814BD9E535}.Debug|x86.ActiveCfg = Debug|Win32
		{1D392A87-5705-4D77-8B8A-A4814BD9E535}.Debug|x86.Build.0 = Debug|Win32
		{1D392A87-5705-4D77-8B8A-A4814BD9E535}.Release|Win32.ActiveCfg = Release|Win32
		{1D392A87-5705-4D77-8B8A-A4814BD9E535}.Release|Win32.Build.0 = Release|Win32
		{1D392A87-5705-4D77-8B8A-A4814BD9E535}.Release|x64.ActiveCfg = Release|x64
		{1D392A87-5705-4D77-8B8A-A4814BD9E535}.Release|x64.Build.0 = Release|x64
		{1D392A87-5705-4D77-8B8A-A4814BD9E535}.Release|x86.ActiveCfg = Release|Win32
		{1D392A87-5705-4D77-8B8A-A4814BD9E535}.Release|x86.Build.0 = Release|Win32
		{B911CC24-F000-4554-9849-DEB43783956D}.Debug|Win32.ActiveCfg = Debug|Win32
		{B911CC24-F000-4554-9849-DEB43783956D}.Debug|Win32.Build.0 = Debug|Win32
		{B911CC24-F000-4554-9849-DEB43783956D}.Debug|x64.ActiveCfg = Debug|x64
		{B911CC24-F000-4554-9849-DEB43783956D}.Debug|x64.Build.0 = Debug|x64
		{B911CC24-F000-4554-9849-DEB43783956D}.Debug|x86.ActiveCfg = Debug|Win32
		{B911CC24-F000-4554-9849-DEB43783956D}.Debug|x86.Build.0 = Debug|Win32
		{B911CC24-F000-4554-9849-DEB43783956D}.Release|Win32.ActiveCfg = Release|Win32
		{B911CC24-F000-4554-9849-DEB43783956D}.Release|Win32.Build.0 = Release|Win32
		{B911CC24-F000-4554-9849-DEB43783956D}.Release|x64.ActiveCfg = Release|x64
		{B911CC24-F000-4554-9849-DEB43783956D}.Release|x64.Build.0 = Release|x64
		{B911CC24-F000-4554-9849-DEB43783956D}.Release|x86.ActiveCfg = Release|Win32
		{B911CC24-F000-4554-9849-DEB43783956D}.Release|x86.Build.0 = Release|Win32
	EndGlobalSection
	GlobalSection(SolutionProperties) = preSolution
		HideSolutionNode = FALSE
	EndGlobalSection
	GlobalSection(ExtensibilityGlobals) = postSolution
		SolutionGuid = {DC0690E2-EA95-44BD-BBE5-4C30B13D2BAF}
	EndGlobalSection
EndGlobal
